
Microsoft Visual Studio Solution File, Format Version 10.00
# Visual Studio 2008
Project("{8BC9CEB8-8B4A-11D0-8D11-00A0C91BC942}") = "fserver", "fserver\fserver.vcproj", "{11588BCE-F382-4C99-ABA8-6C5CBF4C631C}"
EndProject
Global
	GlobalSection(SolutionConfigurationPlatforms) = preSolution
		Debug|Win32 = Debug|Win32
		Release|Win32 = Release|Win32
	EndGlobalSection
	GlobalSection(ProjectConfigurationPlatforms) = postSolution
		{11588BCE-F382-4C99-ABA8-6C5CBF4C631C}.Debug|Win32.ActiveCfg = Debug|Win32
		{11588BCE-F382-4C99-ABA8-6C5CBF4C631C}.Debug|Win32.Build.0 = Debug|Win32
		{11588BCE-F382-4C99-ABA8-6C5CBF4C631C}.Release|Win32.ActiveCfg = Release|Win32
		{11588BCE-F382-4C99-ABA8-6C5CBF4C631C}.Release|Win32.Build.0 = Release|Win32
	EndGlobalSection
	GlobalSection(SolutionProperties) = preSolution
		HideSolutionNode = FALSE
	EndGlobalSection
EndGlobal
